PODS:
  - MOBFoundation_IDFA (2.0.2)
  - SMSSDK (2.0.4)

DEPENDENCIES:
  - MOBFoundation_IDFA
  - SMSSDK

SPEC CHECKSUMS:
  MOBFoundation_IDFA: ad7353974164c1a9014d6b3d46bc01b5f009dc5b
  SMSSDK: 642b6a8c55fd382be44487cd5e0b0710681895f9

PODFILE CHECKSUM: 4bdcd2e1f58d9d1396dcbeab36f50d410b04b5e4

COCOAPODS: 1.0.1
